// !$*UTF8*$!
{
	archiveVersion = 1;
	classes = {
	};
	objectVersion = 55;
	objects = {

/* Begin PBXBuildFile section */
		364166CC286F31FF00EB6D8A /* DetailEditView.swift in Sources */ = {isa = PBXBuildFile; fileRef = 364166CB286F31FF00EB6D8A /* DetailEditView.swift */; };
		364166CE286F428100EB6D8A /* ThemeView.swift in Sources */ = {isa = PBXBuildFile; fileRef = 364166CD286F428100EB6D8A /* ThemeView.swift */; };
		364166D0286F446000EB6D8A /* ThemePicker.swift in Sources */ = {isa = PBXBuildFile; fileRef = 364166CF286F446000EB6D8A /* ThemePicker.swift */; };
		367550E7285CD2B500B0E3A0 /* ScrumdingerApp.swift in Sources */ = {isa = PBXBuildFile; fileRef = 367550E6285CD2B500B0E3A0 /* ScrumdingerApp.swift */; };
		367550E9285CD2B500B0E3A0 /* MeetingView.swift in Sources */ = {isa = PBXBuildFile; fileRef = 367550E8285CD2B500B0E3A0 /* MeetingView.swift */; };
		367550EB285CD2B600B0E3A0 /* Assets.xcassets in Resources */ = {isa = PBXBuildFile; fileRef = 367550EA285CD2B600B0E3A0 /* Assets.xcassets */; };
		367550EE285CD2B600B0E3A0 /* Preview Assets.xcassets in Resources */ = {isa = PBXBuildFile; fileRef = 367550ED285CD2B600B0E3A0 /* Preview Assets.xcassets */; };
		367550F6285F79C500B0E3A0 /* Theme.swift in Sources */ = {isa = PBXBuildFile; fileRef = 367550F5285F79C500B0E3A0 /* Theme.swift */; };
		367550F8285F7BE000B0E3A0 /* DailyScrum.swift in Sources */ = {isa = PBXBuildFile; fileRef = 367550F7285F7BE000B0E3A0 /* DailyScrum.swift */; };
		367550FD285F7D2300B0E3A0 /* CardView.swift in Sources */ = {isa = PBXBuildFile; fileRef = 367550FC285F7D2300B0E3A0 /* CardView.swift */; };
		367550FF285F802300B0E3A0 /* TrailingIconLabelStyle.swift in Sources */ = {isa = PBXBuildFile; fileRef = 367550FE285F802300B0E3A0 /* TrailingIconLabelStyle.swift */; };
		367551022860D36F00B0E3A0 /* ScrumsView.swift in Sources */ = {isa = PBXBuildFile; fileRef = 367551012860D36F00B0E3A0 /* ScrumsView.swift */; };
		36EAC1F728658AAD007298E8 /* DetailView.swift in Sources */ = {isa = PBXBuildFile; fileRef = 36EAC1F628658AAD007298E8 /* DetailView.swift */; };
/* End PBXBuildFile section */

/* Begin PBXFileReference section */
		364166CB286F31FF00EB6D8A /* DetailEditView.swift */ = {isa = PBXFileReference; lastKnownFileType = sourcecode.swift; path = DetailEditView.swift; sourceTree = "<group>"; };
		364166CD286F428100EB6D8A /* ThemeView.swift */ = {isa = PBXFileReference; lastKnownFileType = sourcecode.swift; path = ThemeView.swift; sourceTree = "<group>"; };
		364166CF286F446000EB6D8A /* ThemePicker.swift */ = {isa = PBXFileReference; lastKnownFileType = sourcecode.swift; path = ThemePicker.swift; sourceTree = "<group>"; };
		367550E3285CD2B500B0E3A0 /* Scrumdinger.app */ = {isa = PBXFileReference; explicitFileType = wrapper.application; includeInIndex = 0; path = Scrumdinger.app; sourceTree = BUILT_PRODUCTS_DIR; };
		367550E6285CD2B500B0E3A0 /* ScrumdingerApp.swift */ = {isa = PBXFileReference; lastKnownFileType = sourcecode.swift; path = ScrumdingerApp.swift; sourceTree = "<group>"; };
		367550E8285CD2B500B0E3A0 /* MeetingView.swift */ = {isa = PBXFileReference; lastKnownFileType = sourcecode.swift; path = MeetingView.swift; sourceTree = "<group>"; };
		367550EA285CD2B600B0E3A0 /* Assets.xcassets */ = {isa = PBXFileReference; lastKnownFileType = folder.assetcatalog; path = Assets.xcassets; sourceTree = "<group>"; };
		367550ED285CD2B600B0E3A0 /* Preview Assets.xcassets */ = {isa = PBXFileReference; lastKnownFileType = folder.assetcatalog; path = "Preview Assets.xcassets"; sourceTree = "<group>"; };
		367550F5285F79C500B0E3A0 /* Theme.swift */ = {isa = PBXFileReference; lastKnownFileType = sourcecode.swift; path = Theme.swift; sourceTree = "<group>"; };
		367550F7285F7BE000B0E3A0 /* DailyScrum.swift */ = {isa = PBXFileReference; lastKnownFileType = sourcecode.swift; path = DailyScrum.swift; sourceTree = "<group>"; };
		367550FC285F7D2300B0E3A0 /* CardView.swift */ = {isa = PBXFileReference; lastKnownFileType = sourcecode.swift; path = CardView.swift; sourceTree = "<group>"; };
		367550FE285F802300B0E3A0 /* TrailingIconLabelStyle.swift */ = {isa = PBXFileReference; lastKnownFileType = sourcecode.swift; path = TrailingIconLabelStyle.swift; sourceTree = "<group>"; };
		367551012860D36F00B0E3A0 /* ScrumsView.swift */ = {isa = PBXFileReference; lastKnownFileType = sourcecode.swift; path = ScrumsView.swift; sourceTree = "<group>"; };
		36EAC1F628658AAD007298E8 /* DetailView.swift */ = {isa = PBXFileReference; lastKnownFileType = sourcecode.swift; path = DetailView.swift; sourceTree = "<group>"; };
/* End PBXFileReference section */

/* Begin PBXFrameworksBuildPhase section */
		367550E0285CD2B500B0E3A0 /* Frameworks */ = {
			isa = PBXFrameworksBuildPhase;
			buildActionMask = 2147483647;
			files = (
			);
			runOnlyForDeploymentPostprocessing = 0;
		};
/* End PBXFrameworksBuildPhase section */

/* Begin PBXGroup section */
		367550DA285CD2B500B0E3A0 = {
			isa = PBXGroup;
			children = (
				367550E5285CD2B500B0E3A0 /* Scrumdinger */,
				367550E4285CD2B500B0E3A0 /* Products */,
			);
			sourceTree = "<group>";
		};
		367550E4285CD2B500B0E3A0 /* Products */ = {
			isa = PBXGroup;
			children = (
				367550E3285CD2B500B0E3A0 /* Scrumdinger.app */,
			);
			name = Products;
			sourceTree = "<group>";
		};
		367550E5285CD2B500B0E3A0 /* Scrumdinger */ = {
			isa = PBXGroup;
			children = (
				367550E6285CD2B500B0E3A0 /* ScrumdingerApp.swift */,
				367550F9285F7CE100B0E3A0 /* Views */,
				367550F4285F79B300B0E3A0 /* Models */,
				36755100285F803C00B0E3A0 /* Utils */,
				367550EA285CD2B600B0E3A0 /* Assets.xcassets */,
				367550EC285CD2B600B0E3A0 /* Preview Content */,
			);
			path = Scrumdinger;
			sourceTree = "<group>";
		};
		367550EC285CD2B600B0E3A0 /* Preview Content */ = {
			isa = PBXGroup;
			children = (
				367550ED285CD2B600B0E3A0 /* Preview Assets.xcassets */,
			);
			path = "Preview Content";
			sourceTree = "<group>";
		};
		367550F4285F79B300B0E3A0 /* Models */ = {
			isa = PBXGroup;
			children = (
				367550F5285F79C500B0E3A0 /* Theme.swift */,
				367550F7285F7BE000B0E3A0 /* DailyScrum.swift */,
			);
			path = Models;
			sourceTree = "<group>";
		};
		367550F9285F7CE100B0E3A0 /* Views */ = {
			isa = PBXGroup;
			children = (
				367550E8285CD2B500B0E3A0 /* MeetingView.swift */,
				367550FC285F7D2300B0E3A0 /* CardView.swift */,
				367551012860D36F00B0E3A0 /* ScrumsView.swift */,
				36EAC1F628658AAD007298E8 /* DetailView.swift */,
				364166CB286F31FF00EB6D8A /* DetailEditView.swift */,
				364166CD286F428100EB6D8A /* ThemeView.swift */,
				364166CF286F446000EB6D8A /* ThemePicker.swift */,
			);
			path = Views;
			sourceTree = "<group>";
		};
		36755100285F803C00B0E3A0 /* Utils */ = {
			isa = PBXGroup;
			children = (
				367550FE285F802300B0E3A0 /* TrailingIconLabelStyle.swift */,
			);
			path = Utils;
			sourceTree = "<group>";
		};
/* End PBXGroup section */

/* Begin PBXNativeTarget section */
		367550E2285CD2B500B0E3A0 /* Scrumdinger */ = {
			isa = PBXNativeTarget;
			buildConfigurationList = 367550F1285CD2B600B0E3A0 /* Build configuration list for PBXNativeTarget "Scrumdinger" */;
			buildPhases = (
				367550DF285CD2B500B0E3A0 /* Sources */,
				367550E0285CD2B500B0E3A0 /* Frameworks */,
				367550E1285CD2B500B0E3A0 /* Resources */,
			);
			buildRules = (
			);
			dependencies = (
			);
			name = Scrumdinger;
			productName = Scrumdinger;
			productReference = 367550E3285CD2B500B0E3A0 /* Scrumdinger.app */;
			productType = "com.apple.product-type.application";
		};
/* End PBXNativeTarget section */

/* Begin PBXProject section */
		367550DB285CD2B500B0E3A0 /* Project object */ = {
			isa = PBXProject;
			attributes = {
				BuildIndependentTargetsInParallel = 1;
				LastSwiftUpdateCheck = 1340;
				LastUpgradeCheck = 1340;
				TargetAttributes = {
					367550E2285CD2B500B0E3A0 = {
						CreatedOnToolsVersion = 13.4.1;
					};
				};
			};
			buildConfigurationList = 367550DE285CD2B500B0E3A0 /* Build configuration list for PBXProject "Scrumdinger" */;
			compatibilityVersion = "Xcode 13.0";
			developmentRegion = en;
			hasScannedForEncodings = 0;
			knownRegions = (
				en,
				Base,
			);
			mainGroup = 367550DA285CD2B500B0E3A0;
			productRefGroup = 367550E4285CD2B500B0E3A0 /* Products */;
			projectDirPath = "";
			projectRoot = "";
			targets = (
				367550E2285CD2B500B0E3A0 /* Scrumdinger */,
			);
		};
/* End PBXProject section */

/* Begin PBXResourcesBuildPhase section */
		367550E1285CD2B500B0E3A0 /* Resources */ = {
			isa = PBXResourcesBuildPhase;
			buildActionMask = 2147483647;
			files = (
				367550EE285CD2B600B0E3A0 /* Preview Assets.xcassets in Resources */,
				367550EB285CD2B600B0E3A0 /* Assets.xcassets in Resources */,
			);
			runOnlyForDeploymentPostprocessing = 0;
		};
/* End PBXResourcesBuildPhase section */

/* Begin PBXSourcesBuildPhase section */
		367550DF285CD2B500B0E3A0 /* Sources */ = {
			isa = PBXSourcesBuildPhase;
			buildActionMask = 2147483647;
			files = (
				364166D0286F446000EB6D8A /* ThemePicker.swift in Sources */,
				367550F8285F7BE000B0E3A0 /* DailyScrum.swift in Sources */,
				36EAC1F728658AAD007298E8 /* DetailView.swift in Sources */,
				364166CC286F31FF00EB6D8A /* DetailEditView.swift in Sources */,
				367550FF285F802300B0E3A0 /* TrailingIconLabelStyle.swift in Sources */,
				367550F6285F79C500B0E3A0 /* Theme.swift in Sources */,
				367551022860D36F00B0E3A0 /* ScrumsView.swift in Sources */,
				367550E9285CD2B500B0E3A0 /* MeetingView.swift in Sources */,
				367550E7285CD2B500B0E3A0 /* ScrumdingerApp.swift in Sources */,
				364166CE286F428100EB6D8A /* ThemeView.swift in Sources */,
				367550FD285F7D2300B0E3A0 /* CardView.swift in Sources */,
			);
			runOnlyForDeploymentPostprocessing = 0;
		};
/* End PBXSourcesBuildPhase section */

/* Begin XCBuildConfiguration section */
		367550EF285CD2B600B0E3A0 /* Debug */ = {
			isa = XCBuildConfiguration;
			buildSettings = {
				ALWAYS_SEARCH_USER_PATHS = NO;
				CLANG_ANALYZER_NONNULL = YES;
				CLANG_ANALYZER_NUMBER_OBJECT_CONVERSION = YES_AGGRESSIVE;
				CLANG_CXX_LANGUAGE_STANDARD = "gnu++17";
				CLANG_ENABLE_MODULES = YES;
				CLANG_ENABLE_OBJC_ARC = YES;
				CLANG_ENABLE_OBJC_WEAK = YES;
				CLANG_WARN_BLOCK_CAPTURE_AUTORELEASING = YES;
				CLANG_WARN_BOOL_CONVERSION = YES;
				CLANG_WARN_COMMA = YES;
				CLANG_WARN_CONSTANT_CONVERSION = YES;
				CLANG_WARN_DEPRECATED_OBJC_IMPLEMENTATIONS = YES;
				CLANG_WARN_DIRECT_OBJC_ISA_USAGE = YES_ERROR;
				CLANG_WARN_DOCUMENTATION_COMMENTS = YES;
				CLANG_WARN_EMPTY_BODY = YES;
				CLANG_WARN_ENUM_CONVERSION = YES;
				CLANG_WARN_INFINITE_RECURSION = YES;
				CLANG_WARN_INT_CONVERSION = YES;
				CLANG_WARN_NON_LITERAL_NULL_CONVERSION = YES;
				CLANG_WARN_OBJC_IMPLICIT_RETAIN_SELF = YES;
				CLANG_WARN_OBJC_LITERAL_CONVERSION = YES;
				CLANG_WARN_OBJC_ROOT_CLASS = YES_ERROR;
				CLANG_WARN_QUOTED_INCLUDE_IN_FRAMEWORK_HEADER = YES;
				CLANG_WARN_RANGE_LOOP_ANALYSIS = YES;
				CLANG_WARN_STRICT_PROTOTYPES = YES;
				CLANG_WARN_SUSPICIOUS_MOVE = YES;
				CLANG_WARN_UNGUARDED_AVAILABILITY = YES_AGGRESSIVE;
				CLANG_WARN_UNREACHABLE_CODE = YES;
				CLANG_WARN__DUPLICATE_METHOD_MATCH = YES;
				COPY_PHASE_STRIP = NO;
				DEBUG_INFORMATION_FORMAT = dwarf;
				ENABLE_STRICT_OBJC_MSGSEND = YES;
				ENABLE_TESTABILITY = YES;
				GCC_C_LANGUAGE_STANDARD = gnu11;
				GCC_DYNAMIC_NO_PIC = NO;
				GCC_NO_COMMON_BLOCKS = YES;
				GCC_OPTIMIZATION_LEVEL = 0;
				GCC_PREPROCESSOR_DEFINITIONS = (
					"DEBUG=1",
					"$(inherited)",
				);
				GCC_WARN_64_TO_32_BIT_CONVERSION = YES;
				GCC_WARN_ABOUT_RETURN_TYPE = YES_ERROR;
				GCC_WARN_UNDECLARED_SELECTOR = YES;
				GCC_WARN_UNINITIALIZED_AUTOS = YES_AGGRESSIVE;
				GCC_WARN_UNUSED_FUNCTION = YES;
				GCC_WARN_UNUSED_VARIABLE = YES;
				IPHONEOS_DEPLOYMENT_TARGET = 15.5;
				MTL_ENABLE_DEBUG_INFO = INCLUDE_SOURCE;
				MTL_FAST_MATH = YES;
				ONLY_ACTIVE_ARCH = YES;
				SDKROOT = iphoneos;
				SWIFT_ACTIVE_COMPILATION_CONDITIONS = DEBUG;
				SWIFT_OPTIMIZATION_LEVEL = "-Onone";
			};
			name = Debug;
		};
		367550F0285CD2B600B0E3A0 /* Release */ = {
			isa = XCBuildConfiguration;
			buildSettings = {
				ALWAYS_SEARCH_USER_PATHS = NO;
				CLANG_ANALYZER_NONNULL = YES;
				CLANG_ANALYZER_NUMBER_OBJECT_CONVERSION = YES_AGGRESSIVE;
				CLANG_CXX_LANGUAGE_STANDARD = "gnu++17";
				CLANG_ENABLE_MODULES = YES;
				CLANG_ENABLE_OBJC_ARC = YES;
				CLANG_ENABLE_OBJC_WEAK = YES;
				CLANG_WARN_BLOCK_CAPTURE_AUTORELEASING = YES;
				CLANG_WARN_BOOL_CONVERSION = YES;
				CLANG_WARN_COMMA = YES;
				CLANG_WARN_CONSTANT_CONVERSION = YES;
				CLANG_WARN_DEPRECATED_OBJC_IMPLEMENTATIONS = YES;
				CLANG_WARN_DIRECT_OBJC_ISA_USAGE = YES_ERROR;
				CLANG_WARN_DOCUMENTATION_COMMENTS = YES;
				CLANG_WARN_EMPTY_BODY = YES;
				CLANG_WARN_ENUM_CONVERSION = YES;
				CLANG_WARN_INFINITE_RECURSION = YES;
				CLANG_WARN_INT_CONVERSION = YES;
				CLANG_WARN_NON_LITERAL_NULL_CONVERSION = YES;
				CLANG_WARN_OBJC_IMPLICIT_RETAIN_SELF = YES;
				CLANG_WARN_OBJC_LITERAL_CONVERSION = YES;
				CLANG_WARN_OBJC_ROOT_CLASS = YES_ERROR;
				CLANG_WARN_QUOTED_INCLUDE_IN_FRAMEWORK_HEADER = YES;
				CLANG_WARN_RANGE_LOOP_ANALYSIS = YES;
				CLANG_WARN_STRICT_PROTOTYPES = YES;
				CLANG_WARN_SUSPICIOUS_MOVE = YES;
				CLANG_WARN_UNGUARDED_AVAILABILITY = YES_AGGRESSIVE;
				CLANG_WARN_UNREACHABLE_CODE = YES;
				CLANG_WARN__DUPLICATE_METHOD_MATCH = YES;
				COPY_PHASE_STRIP = NO;
				DEBUG_INFORMATION_FORMAT = "dwarf-with-dsym";
				ENABLE_NS_ASSERTIONS = NO;
				ENABLE_STRICT_OBJC_MSGSEND = YES;
				GCC_C_LANGUAGE_STANDARD = gnu11;
				GCC_NO_COMMON_BLOCKS = YES;
				GCC_WARN_64_TO_32_BIT_CONVERSION = YES;
				GCC_WARN_ABOUT_RETURN_TYPE = YES_ERROR;
				GCC_WARN_UNDECLARED_SELECTOR = YES;
				GCC_WARN_UNINITIALIZED_AUTOS = YES_AGGRESSIVE;
				GCC_WARN_UNUSED_FUNCTION = YES;
				GCC_WARN_UNUSED_VARIABLE = YES;
				IPHONEOS_DEPLOYMENT_TARGET = 15.5;
				MTL_ENABLE_DEBUG_INFO = NO;
				MTL_FAST_MATH = YES;
				SDKROOT = iphoneos;
				SWIFT_COMPILATION_MODE = wholemodule;
				SWIFT_OPTIMIZATION_LEVEL = "-O";
				VALIDATE_PRODUCT = YES;
			};
			name = Release;
		};
		367550F2285CD2B600B0E3A0 /* Debug */ = {
			isa = XCBuildConfiguration;
			buildSettings = {
				ASSETCATALOG_COMPILER_APPICON_NAME = AppIcon;
				ASSETCATALOG_COMPILER_GLOBAL_ACCENT_COLOR_NAME = AccentColor;
				CODE_SIGN_STYLE = Automatic;
				CURRENT_PROJECT_VERSION = 1;
				DEVELOPMENT_ASSET_PATHS = "\"Scrumdinger/Preview Content\"";
				DEVELOPMENT_TEAM = SE47ZVXRT6;
				ENABLE_PREVIEWS = YES;
				GENERATE_INFOPLIST_FILE = YES;
				INFOPLIST_KEY_UIApplicationSceneManifest_Generation = YES;
				INFOPLIST_KEY_UIApplicationSupportsIndirectInputEvents = YES;
				INFOPLIST_KEY_UILaunchScreen_Generation = YES;
				INFOPLIST_KEY_UISupportedInterfaceOrientations_iPad = "UIInterfaceOrientationPortrait UIInterfaceOrientationPortraitUpsideDown UIInterfaceOrientationLandscapeLeft UIInterfaceOrientationLandscapeRight";
				INFOPLIST_KEY_UISupportedInterfaceOrientations_iPhone = "UIInterfaceOrientationPortrait UIInterfaceOrientationLandscapeLeft UIInterfaceOrientationLandscapeRight";
				LD_RUNPATH_SEARCH_PATHS = (
					"$(inherited)",
					"@executable_path/Frameworks",
				);
				MARKETING_VERSION = 1.0;
				PRODUCT_BUNDLE_IDENTIFIER = flock.Scrumdinger;
				PRODUCT_NAME = "$(TARGET_NAME)";
				SWIFT_EMIT_LOC_STRINGS = YES;
				SWIFT_VERSION = 5.0;
				TARGETED_DEVICE_FAMILY = "1,2";
			};
			name = Debug;
		};
		367550F3285CD2B600B0E3A0 /* Release */ = {
			isa = XCBuildConfiguration;
			buildSettings = {
				ASSETCATALOG_COMPILER_APPICON_NAME = AppIcon;
				ASSETCATALOG_COMPILER_GLOBAL_ACCENT_COLOR_NAME = AccentColor;
				CODE_SIGN_STYLE = Automatic;
				CURRENT_PROJECT_VERSION = 1;
				DEVELOPMENT_ASSET_PATHS = "\"Scrumdinger/Preview Content\"";
				DEVELOPMENT_TEAM = SE47ZVXRT6;
				ENABLE_PREVIEWS = YES;
				GENERATE_INFOPLIST_FILE = YES;
				INFOPLIST_KEY_UIApplicationSceneManifest_Generation = YES;
				INFOPLIST_KEY_UIApplicationSupportsIndirectInputEvents = YES;
				INFOPLIST_KEY_UILaunchScreen_Generation = YES;
				INFOPLIST_KEY_UISupportedInterfaceOrientations_iPad = "UIInterfaceOrientationPortrait UIInterfaceOrientationPortraitUpsideDown UIInterfaceOrientationLandscapeLeft UIInterfaceOrientationLandscapeRight";
				INFOPLIST_KEY_UISupportedInterfaceOrientations_iPhone = "UIInterfaceOrientationPortrait UIInterfaceOrientationLandscapeLeft UIInterfaceOrientationLandscapeRight";
				LD_RUNPATH_SEARCH_PATHS = (
					"$(inherited)",
					"@executable_path/Frameworks",
				);
				MARKETING_VERSION = 1.0;
				PRODUCT_BUNDLE_IDENTIFIER = flock.Scrumdinger;
				PRODUCT_NAME = "$(TARGET_NAME)";
				SWIFT_EMIT_LOC_STRINGS = YES;
				SWIFT_VERSION = 5.0;
				TARGETED_DEVICE_FAMILY = "1,2";
			};
			name = Release;
		};
/* End XCBuildConfiguration section */

/* Begin XCConfigurationList section */
		367550DE285CD2B500B0E3A0 /* Build configuration list for PBXProject "Scrumdinger" */ = {
			isa = XCConfigurationList;
			buildConfigurations = (
				367550EF285CD2B600B0E3A0 /* Debug */,
				367550F0285CD2B600B0E3A0 /* Release */,
			);
			defaultConfigurationIsVisible = 0;
			defaultConfigurationName = Release;
		};
		367550F1285CD2B600B0E3A0 /* Build configuration list for PBXNativeTarget "Scrumdinger" */ = {
			isa = XCConfigurationList;
			buildConfigurations = (
				367550F2285CD2B600B0E3A0 /* Debug */,
				367550F3285CD2B600B0E3A0 /* Release */,
			);
			defaultConfigurationIsVisible = 0;
			defaultConfigurationName = Release;
		};
/* End XCConfigurationList section */
	};
	rootObject = 367550DB285CD2B500B0E3A0 /* Project object */;
}
